// !$*UTF8*$!
{
	archiveVersion = 1;
	classes = {
	};
	objectVersion = 50;
	objects = {

/* Begin PBXBuildFile section */
		69E23F8823E76FD10041F2DC /* AppDelegate.swift in Sources */ = {isa = PBXBuildFile; fileRef = 69E23F8723E76FD10041F2DC /* AppDelegate.swift */; };
		69E23F8A23E76FD10041F2DC /* SceneDelegate.swift in Sources */ = {isa = PBXBuildFile; fileRef = 69E23F8923E76FD10041F2DC /* SceneDelegate.swift */; };
		69E23F8C23E76FD10041F2DC /* ViewController.swift in Sources */ = {isa = PBXBuildFile; fileRef = 69E23F8B23E76FD10041F2DC /* ViewController.swift */; };
		69E23F8F23E76FD10041F2DC /* Main.storyboard in Resources */ = {isa = PBXBuildFile; fileRef = 69E23F8D23E76FD10041F2DC /* Main.storyboard */; };
		69E23F9123E76FD30041F2DC /* Assets.xcassets in Resources */ = {isa = PBXBuildFile; fileRef = 69E23F9023E76FD30041F2DC /* Assets.xcassets */; };
		69E23F9423E76FD30041F2DC /* LaunchScreen.storyboard in Resources */ = {isa = PBXBuildFile; fileRef = 69E23F9223E76FD30041F2DC /* LaunchScreen.storyboard */; };
		69E23F9F23E76FD30041F2DC /* slateTests.swift in Sources */ = {isa = PBXBuildFile; fileRef = 69E23F9E23E76FD30041F2DC /* slateTests.swift */; };
		69E23FAA23E76FF10041F2DC /* SlateNode.swift in Sources */ = {isa = PBXBuildFile; fileRef = 69E23FA923E76FF10041F2DC /* SlateNode.swift */; };
		69E23FAC23E770050041F2DC /* SlateText.swift in Sources */ = {isa = PBXBuildFile; fileRef = 69E23FAB23E770050041F2DC /* SlateText.swift */; };
		69E23FAE23E7701D0041F2DC /* SlateElement.swift in Sources */ = {isa = PBXBuildFile; fileRef = 69E23FAD23E7701D0041F2DC /* SlateElement.swift */; };
		69E23FB023E7702F0041F2DC /* SlateEditor.swift in Sources */ = {isa = PBXBuildFile; fileRef = 69E23FAF23E7702F0041F2DC /* SlateEditor.swift */; };
		69E23FB223E770400041F2DC /* SlateDecoder.swift in Sources */ = {isa = PBXBuildFile; fileRef = 69E23FB123E770400041F2DC /* SlateDecoder.swift */; };
		69E23FB423E770590041F2DC /* TestData.swift in Sources */ = {isa = PBXBuildFile; fileRef = 69E23FB323E770590041F2DC /* TestData.swift */; };
		69E23FB623E7706B0041F2DC /* Extensions.swift in Sources */ = {isa = PBXBuildFile; fileRef = 69E23FB523E7706B0041F2DC /* Extensions.swift */; };
		69E23FB823E78F580041F2DC /* SlateProtocols.swift in Sources */ = {isa = PBXBuildFile; fileRef = 69E23FB723E78F580041F2DC /* SlateProtocols.swift */; };
		69E23FBA23E793780041F2DC /* SlateEncoder.swift in Sources */ = {isa = PBXBuildFile; fileRef = 69E23FB923E793780041F2DC /* SlateEncoder.swift */; };
/* End PBXBuildFile section */

/* Begin PBXContainerItemProxy section */
		69E23F9B23E76FD30041F2DC /* PBXContainerItemProxy */ = {
			isa = PBXContainerItemProxy;
			containerPortal = 69E23F7C23E76FD00041F2DC /* Project object */;
			proxyType = 1;
			remoteGlobalIDString = 69E23F8323E76FD00041F2DC;
			remoteInfo = slate;
		};
/* End PBXContainerItemProxy section */

/* Begin PBXFileReference section */
		69E23F8423E76FD10041F2DC /* slate.app */ = {isa = PBXFileReference; explicitFileType = wrapper.application; includeInIndex = 0; path = slate.app; sourceTree = BUILT_PRODUCTS_DIR; };
		69E23F8723E76FD10041F2DC /* AppDelegate.swift */ = {isa = PBXFileReference; lastKnownFileType = sourcecode.swift; path = AppDelegate.swift; sourceTree = "<group>"; };
		69E23F8923E76FD10041F2DC /* SceneDelegate.swift */ = {isa = PBXFileReference; lastKnownFileType = sourcecode.swift; path = SceneDelegate.swift; sourceTree = "<group>"; };
		69E23F8B23E76FD10041F2DC /* ViewController.swift */ = {isa = PBXFileReference; lastKnownFileType = sourcecode.swift; path = ViewController.swift; sourceTree = "<group>"; };
		69E23F8E23E76FD10041F2DC /* Base */ = {isa = PBXFileReference; lastKnownFileType = file.storyboard; name = Base; path = Base.lproj/Main.storyboard; sourceTree = "<group>"; };
		69E23F9023E76FD30041F2DC /* Assets.xcassets */ = {isa = PBXFileReference; lastKnownFileType = folder.assetcatalog; path = Assets.xcassets; sourceTree = "<group>"; };
		69E23F9323E76FD30041F2DC /* Base */ = {isa = PBXFileReference; lastKnownFileType = file.storyboard; name = Base; path = Base.lproj/LaunchScreen.storyboard; sourceTree = "<group>"; };
		69E23F9523E76FD30041F2DC /* Info.plist */ = {isa = PBXFileReference; lastKnownFileType = text.plist.xml; path = Info.plist; sourceTree = "<group>"; };
		69E23F9A23E76FD30041F2DC /* slateTests.xctest */ = {isa = PBXFileReference; explicitFileType = wrapper.cfbundle; includeInIndex = 0; path = slateTests.xctest; sourceTree = BUILT_PRODUCTS_DIR; };
		69E23F9E23E76FD30041F2DC /* slateTests.swift */ = {isa = PBXFileReference; lastKnownFileType = sourcecode.swift; path = slateTests.swift; sourceTree = "<group>"; };
		69E23FA023E76FD30041F2DC /* Info.plist */ = {isa = PBXFileReference; lastKnownFileType = text.plist.xml; path = Info.plist; sourceTree = "<group>"; };
		69E23FA923E76FF10041F2DC /* SlateNode.swift */ = {isa = PBXFileReference; lastKnownFileType = sourcecode.swift; path = SlateNode.swift; sourceTree = "<group>"; };
		69E23FAB23E770050041F2DC /* SlateText.swift */ = {isa = PBXFileReference; lastKnownFileType = sourcecode.swift; path = SlateText.swift; sourceTree = "<group>"; };
		69E23FAD23E7701D0041F2DC /* SlateElement.swift */ = {isa = PBXFileReference; lastKnownFileType = sourcecode.swift; path = SlateElement.swift; sourceTree = "<group>"; };
		69E23FAF23E7702F0041F2DC /* SlateEditor.swift */ = {isa = PBXFileReference; lastKnownFileType = sourcecode.swift; path = SlateEditor.swift; sourceTree = "<group>"; };
		69E23FB123E770400041F2DC /* SlateDecoder.swift */ = {isa = PBXFileReference; lastKnownFileType = sourcecode.swift; path = SlateDecoder.swift; sourceTree = "<group>"; };
		69E23FB323E770590041F2DC /* TestData.swift */ = {isa = PBXFileReference; lastKnownFileType = sourcecode.swift; path = TestData.swift; sourceTree = "<group>"; };
		69E23FB523E7706B0041F2DC /* Extensions.swift */ = {isa = PBXFileReference; lastKnownFileType = sourcecode.swift; path = Extensions.swift; sourceTree = "<group>"; };
		69E23FB723E78F580041F2DC /* SlateProtocols.swift */ = {isa = PBXFileReference; lastKnownFileType = sourcecode.swift; path = SlateProtocols.swift; sourceTree = "<group>"; };
		69E23FB923E793780041F2DC /* SlateEncoder.swift */ = {isa = PBXFileReference; lastKnownFileType = sourcecode.swift; path = SlateEncoder.swift; sourceTree = "<group>"; };
/* End PBXFileReference section */

/* Begin PBXFrameworksBuildPhase section */
		69E23F8123E76FD00041F2DC /* Frameworks */ = {
			isa = PBXFrameworksBuildPhase;
			buildActionMask = 2147483647;
			files = (
			);
			runOnlyForDeploymentPostprocessing = 0;
		};
		69E23F9723E76FD30041F2DC /* Frameworks */ = {
			isa = PBXFrameworksBuildPhase;
			buildActionMask = 2147483647;
			files = (
			);
			runOnlyForDeploymentPostprocessing = 0;
		};
/* End PBXFrameworksBuildPhase section */

/* Begin PBXGroup section */
		69E23F7B23E76FD00041F2DC = {
			isa = PBXGroup;
			children = (
				69E23F8623E76FD10041F2DC /* slate */,
				69E23F9D23E76FD30041F2DC /* slateTests */,
				69E23F8523E76FD10041F2DC /* Products */,
			);
			sourceTree = "<group>";
		};
		69E23F8523E76FD10041F2DC /* Products */ = {
			isa = PBXGroup;
			children = (
				69E23F8423E76FD10041F2DC /* slate.app */,
				69E23F9A23E76FD30041F2DC /* slateTests.xctest */,
			);
			name = Products;
			sourceTree = "<group>";
		};
		69E23F8623E76FD10041F2DC /* slate */ = {
			isa = PBXGroup;
			children = (
				69E23F8723E76FD10041F2DC /* AppDelegate.swift */,
				69E23F8923E76FD10041F2DC /* SceneDelegate.swift */,
				69E23F8B23E76FD10041F2DC /* ViewController.swift */,
				69E23F8D23E76FD10041F2DC /* Main.storyboard */,
				69E23F9023E76FD30041F2DC /* Assets.xcassets */,
				69E23F9223E76FD30041F2DC /* LaunchScreen.storyboard */,
				69E23F9523E76FD30041F2DC /* Info.plist */,
				69E23FA923E76FF10041F2DC /* SlateNode.swift */,
				69E23FAB23E770050041F2DC /* SlateText.swift */,
				69E23FAD23E7701D0041F2DC /* SlateElement.swift */,
				69E23FAF23E7702F0041F2DC /* SlateEditor.swift */,
				69E23FB123E770400041F2DC /* SlateDecoder.swift */,
				69E23FB923E793780041F2DC /* SlateEncoder.swift */,
				69E23FB323E770590041F2DC /* TestData.swift */,
				69E23FB523E7706B0041F2DC /* Extensions.swift */,
				69E23FB723E78F580041F2DC /* SlateProtocols.swift */,
			);
			path = slate;
			sourceTree = "<group>";
		};
		69E23F9D23E76FD30041F2DC /* slateTests */ = {
			isa = PBXGroup;
			children = (
				69E23F9E23E76FD30041F2DC /* slateTests.swift */,
				69E23FA023E76FD30041F2DC /* Info.plist */,
			);
			path = slateTests;
			sourceTree = "<group>";
		};
/* End PBXGroup section */

/* Begin PBXNativeTarget section */
		69E23F8323E76FD00041F2DC /* slate */ = {
			isa = PBXNativeTarget;
			buildConfigurationList = 69E23FA323E76FD30041F2DC /* Build configuration list for PBXNativeTarget "slate" */;
			buildPhases = (
				69E23F8023E76FD00041F2DC /* Sources */,
				69E23F8123E76FD00041F2DC /* Frameworks */,
				69E23F8223E76FD00041F2DC /* Resources */,
			);
			buildRules = (
			);
			dependencies = (
			);
			name = slate;
			productName = slate;
			productReference = 69E23F8423E76FD10041F2DC /* slate.app */;
			productType = "com.apple.product-type.application";
		};
		69E23F9923E76FD30041F2DC /* slateTests */ = {
			isa = PBXNativeTarget;
			buildConfigurationList = 69E23FA623E76FD30041F2DC /* Build configuration list for PBXNativeTarget "slateTests" */;
			buildPhases = (
				69E23F9623E76FD30041F2DC /* Sources */,
				69E23F9723E76FD30041F2DC /* Frameworks */,
				69E23F9823E76FD30041F2DC /* Resources */,
			);
			buildRules = (
			);
			dependencies = (
				69E23F9C23E76FD30041F2DC /* PBXTargetDependency */,
			);
			name = slateTests;
			productName = slateTests;
			productReference = 69E23F9A23E76FD30041F2DC /* slateTests.xctest */;
			productType = "com.apple.product-type.bundle.unit-test";
		};
/* End PBXNativeTarget section */

/* Begin PBXProject section */
		69E23F7C23E76FD00041F2DC /* Project object */ = {
			isa = PBXProject;
			attributes = {
				LastSwiftUpdateCheck = 1130;
				LastUpgradeCheck = 1130;
				ORGANIZATIONNAME = "Paul Kim";
				TargetAttributes = {
					69E23F8323E76FD00041F2DC = {
						CreatedOnToolsVersion = 11.3.1;
					};
					69E23F9923E76FD30041F2DC = {
						CreatedOnToolsVersion = 11.3.1;
						TestTargetID = 69E23F8323E76FD00041F2DC;
					};
				};
			};
			buildConfigurationList = 69E23F7F23E76FD00041F2DC /* Build configuration list for PBXProject "slate" */;
			compatibilityVersion = "Xcode 9.3";
			developmentRegion = en;
			hasScannedForEncodings = 0;
			knownRegions = (
				en,
				Base,
			);
			mainGroup = 69E23F7B23E76FD00041F2DC;
			productRefGroup = 69E23F8523E76FD10041F2DC /* Products */;
			projectDirPath = "";
			projectRoot = "";
			targets = (
				69E23F8323E76FD00041F2DC /* slate */,
				69E23F9923E76FD30041F2DC /* slateTests */,
			);
		};
/* End PBXProject section */

/* Begin PBXResourcesBuildPhase section */
		69E23F8223E76FD00041F2DC /* Resources */ = {
			isa = PBXResourcesBuildPhase;
			buildActionMask = 2147483647;
			files = (
				69E23F9423E76FD30041F2DC /* LaunchScreen.storyboard in Resources */,
				69E23F9123E76FD30041F2DC /* Assets.xcassets in Resources */,
				69E23F8F23E76FD10041F2DC /* Main.storyboard in Resources */,
			);
			runOnlyForDeploymentPostprocessing = 0;
		};
		69E23F9823E76FD30041F2DC /* Resources */ = {
			isa = PBXResourcesBuildPhase;
			buildActionMask = 2147483647;
			files = (
			);
			runOnlyForDeploymentPostprocessing = 0;
		};
/* End PBXResourcesBuildPhase section */

/* Begin PBXSourcesBuildPhase section */
		69E23F8023E76FD00041F2DC /* Sources */ = {
			isa = PBXSourcesBuildPhase;
			buildActionMask = 2147483647;
			files = (
				69E23FB423E770590041F2DC /* TestData.swift in Sources */,
				69E23FB823E78F580041F2DC /* SlateProtocols.swift in Sources */,
				69E23FBA23E793780041F2DC /* SlateEncoder.swift in Sources */,
				69E23FAE23E7701D0041F2DC /* SlateElement.swift in Sources */,
				69E23FB023E7702F0041F2DC /* SlateEditor.swift in Sources */,
				69E23F8C23E76FD10041F2DC /* ViewController.swift in Sources */,
				69E23FAA23E76FF10041F2DC /* SlateNode.swift in Sources */,
				69E23FB623E7706B0041F2DC /* Extensions.swift in Sources */,
				69E23FB223E770400041F2DC /* SlateDecoder.swift in Sources */,
				69E23F8823E76FD10041F2DC /* AppDelegate.swift in Sources */,
				69E23F8A23E76FD10041F2DC /* SceneDelegate.swift in Sources */,
				69E23FAC23E770050041F2DC /* SlateText.swift in Sources */,
			);
			runOnlyForDeploymentPostprocessing = 0;
		};
		69E23F9623E76FD30041F2DC /* Sources */ = {
			isa = PBXSourcesBuildPhase;
			buildActionMask = 2147483647;
			files = (
				69E23F9F23E76FD30041F2DC /* slateTests.swift in Sources */,
			);
			runOnlyForDeploymentPostprocessing = 0;
		};
/* End PBXSourcesBuildPhase section */

/* Begin PBXTargetDependency section */
		69E23F9C23E76FD30041F2DC /* PBXTargetDependency */ = {
			isa = PBXTargetDependency;
			target = 69E23F8323E76FD00041F2DC /* slate */;
			targetProxy = 69E23F9B23E76FD30041F2DC /* PBXContainerItemProxy */;
		};
/* End PBXTargetDependency section */

/* Begin PBXVariantGroup section */
		69E23F8D23E76FD10041F2DC /* Main.storyboard */ = {
			isa = PBXVariantGroup;
			children = (
				69E23F8E23E76FD10041F2DC /* Base */,
			);
			name = Main.storyboard;
			sourceTree = "<group>";
		};
		69E23F9223E76FD30041F2DC /* LaunchScreen.storyboard */ = {
			isa = PBXVariantGroup;
			children = (
				69E23F9323E76FD30041F2DC /* Base */,
			);
			name = LaunchScreen.storyboard;
			sourceTree = "<group>";
		};
/* End PBXVariantGroup section */

/* Begin XCBuildConfiguration section */
		69E23FA123E76FD30041F2DC /* Debug */ = {
			isa = XCBuildConfiguration;
			buildSettings = {
				ALWAYS_SEARCH_USER_PATHS = NO;
				CLANG_ANALYZER_NONNULL = YES;
				CLANG_ANALYZER_NUMBER_OBJECT_CONVERSION = YES_AGGRESSIVE;
				CLANG_CXX_LANGUAGE_STANDARD = "gnu++14";
				CLANG_CXX_LIBRARY = "libc++";
				CLANG_ENABLE_MODULES = YES;
				CLANG_ENABLE_OBJC_ARC = YES;
				CLANG_ENABLE_OBJC_WEAK = YES;
				CLANG_WARN_BLOCK_CAPTURE_AUTORELEASING = YES;
				CLANG_WARN_BOOL_CONVERSION = YES;
				CLANG_WARN_COMMA = YES;
				CLANG_WARN_CONSTANT_CONVERSION = YES;
				CLANG_WARN_DEPRECATED_OBJC_IMPLEMENTATIONS = YES;
				CLANG_WARN_DIRECT_OBJC_ISA_USAGE = YES_ERROR;
				CLANG_WARN_DOCUMENTATION_COMMENTS = YES;
				CLANG_WARN_EMPTY_BODY = YES;
				CLANG_WARN_ENUM_CONVERSION = YES;
				CLANG_WARN_INFINITE_RECURSION = YES;
				CLANG_WARN_INT_CONVERSION = YES;
				CLANG_WARN_NON_LITERAL_NULL_CONVERSION = YES;
				CLANG_WARN_OBJC_IMPLICIT_RETAIN_SELF = YES;
				CLANG_WARN_OBJC_LITERAL_CONVERSION = YES;
				CLANG_WARN_OBJC_ROOT_CLASS = YES_ERROR;
				CLANG_WARN_RANGE_LOOP_ANALYSIS = YES;
				CLANG_WARN_STRICT_PROTOTYPES = YES;
				CLANG_WARN_SUSPICIOUS_MOVE = YES;
				CLANG_WARN_UNGUARDED_AVAILABILITY = YES_AGGRESSIVE;
				CLANG_WARN_UNREACHABLE_CODE = YES;
				CLANG_WARN__DUPLICATE_METHOD_MATCH = YES;
				COPY_PHASE_STRIP = NO;
				DEBUG_INFORMATION_FORMAT = dwarf;
				ENABLE_STRICT_OBJC_MSGSEND = YES;
				ENABLE_TESTABILITY = YES;
				GCC_C_LANGUAGE_STANDARD = gnu11;
				GCC_DYNAMIC_NO_PIC = NO;
				GCC_NO_COMMON_BLOCKS = YES;
				GCC_OPTIMIZATION_LEVEL = 0;
				GCC_PREPROCESSOR_DEFINITIONS = (
					"DEBUG=1",
					"$(inherited)",
				);
				GCC_WARN_64_TO_32_BIT_CONVERSION = YES;
				GCC_WARN_ABOUT_RETURN_TYPE = YES_ERROR;
				GCC_WARN_UNDECLARED_SELECTOR = YES;
				GCC_WARN_UNINITIALIZED_AUTOS = YES_AGGRESSIVE;
				GCC_WARN_UNUSED_FUNCTION = YES;
				GCC_WARN_UNUSED_VARIABLE = YES;
				IPHONEOS_DEPLOYMENT_TARGET = 13.2;
				MTL_ENABLE_DEBUG_INFO = INCLUDE_SOURCE;
				MTL_FAST_MATH = YES;
				ONLY_ACTIVE_ARCH = YES;
				SDKROOT = iphoneos;
				SWIFT_ACTIVE_COMPILATION_CONDITIONS = DEBUG;
				SWIFT_OPTIMIZATION_LEVEL = "-Onone";
			};
			name = Debug;
		};
		69E23FA223E76FD30041F2DC /* Release */ = {
			isa = XCBuildConfiguration;
			buildSettings = {
				ALWAYS_SEARCH_USER_PATHS = NO;
				CLANG_ANALYZER_NONNULL = YES;
				CLANG_ANALYZER_NUMBER_OBJECT_CONVERSION = YES_AGGRESSIVE;
				CLANG_CXX_LANGUAGE_STANDARD = "gnu++14";
				CLANG_CXX_LIBRARY = "libc++";
				CLANG_ENABLE_MODULES = YES;
				CLANG_ENABLE_OBJC_ARC = YES;
				CLANG_ENABLE_OBJC_WEAK = YES;
				CLANG_WARN_BLOCK_CAPTURE_AUTORELEASING = YES;
				CLANG_WARN_BOOL_CONVERSION = YES;
				CLANG_WARN_COMMA = YES;
				CLANG_WARN_CONSTANT_CONVERSION = YES;
				CLANG_WARN_DEPRECATED_OBJC_IMPLEMENTATIONS = YES;
				CLANG_WARN_DIRECT_OBJC_ISA_USAGE = YES_ERROR;
				CLANG_WARN_DOCUMENTATION_COMMENTS = YES;
				CLANG_WARN_EMPTY_BODY = YES;
				CLANG_WARN_ENUM_CONVERSION = YES;
				CLANG_WARN_INFINITE_RECURSION = YES;
				CLANG_WARN_INT_CONVERSION = YES;
				CLANG_WARN_NON_LITERAL_NULL_CONVERSION = YES;
				CLANG_WARN_OBJC_IMPLICIT_RETAIN_SELF = YES;
				CLANG_WARN_OBJC_LITERAL_CONVERSION = YES;
				CLANG_WARN_OBJC_ROOT_CLASS = YES_ERROR;
				CLANG_WARN_RANGE_LOOP_ANALYSIS = YES;
				CLANG_WARN_STRICT_PROTOTYPES = YES;
				CLANG_WARN_SUSPICIOUS_MOVE = YES;
				CLANG_WARN_UNGUARDED_AVAILABILITY = YES_AGGRESSIVE;
				CLANG_WARN_UNREACHABLE_CODE = YES;
				CLANG_WARN__DUPLICATE_METHOD_MATCH = YES;
				COPY_PHASE_STRIP = NO;
				DEBUG_INFORMATION_FORMAT = "dwarf-with-dsym";
				ENABLE_NS_ASSERTIONS = NO;
				ENABLE_STRICT_OBJC_MSGSEND = YES;
				GCC_C_LANGUAGE_STANDARD = gnu11;
				GCC_NO_COMMON_BLOCKS = YES;
				GCC_WARN_64_TO_32_BIT_CONVERSION = YES;
				GCC_WARN_ABOUT_RETURN_TYPE = YES_ERROR;
				GCC_WARN_UNDECLARED_SELECTOR = YES;
				GCC_WARN_UNINITIALIZED_AUTOS = YES_AGGRESSIVE;
				GCC_WARN_UNUSED_FUNCTION = YES;
				GCC_WARN_UNUSED_VARIABLE = YES;
				IPHONEOS_DEPLOYMENT_TARGET = 13.2;
				MTL_ENABLE_DEBUG_INFO = NO;
				MTL_FAST_MATH = YES;
				SDKROOT = iphoneos;
				SWIFT_COMPILATION_MODE = wholemodule;
				SWIFT_OPTIMIZATION_LEVEL = "-O";
				VALIDATE_PRODUCT = YES;
			};
			name = Release;
		};
		69E23FA423E76FD30041F2DC /* Debug */ = {
			isa = XCBuildConfiguration;
			buildSettings = {
				ASSETCATALOG_COMPILER_APPICON_NAME = AppIcon;
				CODE_SIGN_STYLE = Automatic;
				INFOPLIST_FILE = slate/Info.plist;
				LD_RUNPATH_SEARCH_PATHS = (
					"$(inherited)",
					"@executable_path/Frameworks",
				);
				PRODUCT_BUNDLE_IDENTIFIER = com.paulkim.slate;
				PRODUCT_NAME = "$(TARGET_NAME)";
				SWIFT_VERSION = 5.0;
				TARGETED_DEVICE_FAMILY = "1,2";
			};
			name = Debug;
		};
		69E23FA523E76FD30041F2DC /* Release */ = {
			isa = XCBuildConfiguration;
			buildSettings = {
				ASSETCATALOG_COMPILER_APPICON_NAME = AppIcon;
				CODE_SIGN_STYLE = Automatic;
				INFOPLIST_FILE = slate/Info.plist;
				LD_RUNPATH_SEARCH_PATHS = (
					"$(inherited)",
					"@executable_path/Frameworks",
				);
				PRODUCT_BUNDLE_IDENTIFIER = com.paulkim.slate;
				PRODUCT_NAME = "$(TARGET_NAME)";
				SWIFT_VERSION = 5.0;
				TARGETED_DEVICE_FAMILY = "1,2";
			};
			name = Release;
		};
		69E23FA723E76FD30041F2DC /* Debug */ = {
			isa = XCBuildConfiguration;
			buildSettings = {
				ALWAYS_EMBED_SWIFT_STANDARD_LIBRARIES = YES;
				BUNDLE_LOADER = "$(TEST_HOST)";
				CODE_SIGN_STYLE = Automatic;
				INFOPLIST_FILE = slateTests/Info.plist;
				IPHONEOS_DEPLOYMENT_TARGET = 13.2;
				LD_RUNPATH_SEARCH_PATHS = (
					"$(inherited)",
					"@executable_path/Frameworks",
					"@loader_path/Frameworks",
				);
				PRODUCT_BUNDLE_IDENTIFIER = com.paulkim.slateTests;
				PRODUCT_NAME = "$(TARGET_NAME)";
				SWIFT_VERSION = 5.0;
				TARGETED_DEVICE_FAMILY = "1,2";
				TEST_HOST = "$(BUILT_PRODUCTS_DIR)/slate.app/slate";
			};
			name = Debug;
		};
		69E23FA823E76FD30041F2DC /* Release */ = {
			isa = XCBuildConfiguration;
			buildSettings = {
				ALWAYS_EMBED_SWIFT_STANDARD_LIBRARIES = YES;
				BUNDLE_LOADER = "$(TEST_HOST)";
				CODE_SIGN_STYLE = Automatic;
				INFOPLIST_FILE = slateTests/Info.plist;
				IPHONEOS_DEPLOYMENT_TARGET = 13.2;
				LD_RUNPATH_SEARCH_PATHS = (
					"$(inherited)",
					"@executable_path/Frameworks",
					"@loader_path/Frameworks",
				);
				PRODUCT_BUNDLE_IDENTIFIER = com.paulkim.slateTests;
				PRODUCT_NAME = "$(TARGET_NAME)";
				SWIFT_VERSION = 5.0;
				TARGETED_DEVICE_FAMILY = "1,2";
				TEST_HOST = "$(BUILT_PRODUCTS_DIR)/slate.app/slate";
			};
			name = Release;
		};
/* End XCBuildConfiguration section */

/* Begin XCConfigurationList section */
		69E23F7F23E76FD00041F2DC /* Build configuration list for PBXProject "slate" */ = {
			isa = XCConfigurationList;
			buildConfigurations = (
				69E23FA123E76FD30041F2DC /* Debug */,
				69E23FA223E76FD30041F2DC /* Release */,
			);
			defaultConfigurationIsVisible = 0;
			defaultConfigurationName = Release;
		};
		69E23FA323E76FD30041F2DC /* Build configuration list for PBXNativeTarget "slate" */ = {
			isa = XCConfigurationList;
			buildConfigurations = (
				69E23FA423E76FD30041F2DC /* Debug */,
				69E23FA523E76FD30041F2DC /* Release */,
			);
			defaultConfigurationIsVisible = 0;
			defaultConfigurationName = Release;
		};
		69E23FA623E76FD30041F2DC /* Build configuration list for PBXNativeTarget "slateTests" */ = {
			isa = XCConfigurationList;
			buildConfigurations = (
				69E23FA723E76FD30041F2DC /* Debug */,
				69E23FA823E76FD30041F2DC /* Release */,
			);
			defaultConfigurationIsVisible = 0;
			defaultConfigurationName = Release;
		};
/* End XCConfigurationList section */
	};
	rootObject = 69E23F7C23E76FD00041F2DC /* Project object */;
}
